
Microsoft Visual Studio Solution File, Format Version 12.00
# Visual Studio Version 16
VisualStudioVersion = 16.0.29001.49
MinimumVisualStudioVersion = 10.0.40219.1
Project("{FAE04EC0-301F-11D3-BF4B-00C04F79EFBC}") = "FlickrToCloud", "FlickrToCloud\FlickrToCloud.csproj", "{514D02B0-EB0B-4173-921F-F0EC70033E02}"
EndProject
Project("{9A19103F-16F7-4668-BE54-9A1E7A4F7556}") = "FlickrToCloud.Core", "FlickrToCloud.Core\FlickrToCloud.Core.csproj", "{AD3E0C26-208F-4C97-8861-D40D9C9B638F}"
EndProject
Project("{9A19103F-16F7-4668-BE54-9A1E7A4F7556}") = "FlickrToCloud.Contracts", "FlickrToCloud.Contracts\FlickrToCloud.Contracts.csproj", "{C9C25C6F-7619-4DC4-B990-78E7A8D232A7}"
EndProject
Project("{9A19103F-16F7-4668-BE54-9A1E7A4F7556}") = "FlickrToCloud.Migrations.Startup", "FlickrToCloud.Migrations.Startup\FlickrToCloud.Migrations.Startup.csproj", "{24442E51-4CF5-4553-AE99-934479403061}"
EndProject
Project("{9A19103F-16F7-4668-BE54-9A1E7A4F7556}") = "FlickrToCloud.Clouds", "FlickrToCloud.Clouds\FlickrToCloud.Clouds.csproj", "{D5994D4B-F883-4B0C-B914-5C4122A8AAA3}"
EndProject
Project("{9A19103F-16F7-4668-BE54-9A1E7A4F7556}") = "FlickrToCloud.Tests", "FlickrToCloud.Tests\FlickrToCloud.Tests.csproj", "{A4D292F1-4ACB-4A8A-AD18-CEB42BA44480}"
EndProject
Project("{FAE04EC0-301F-11D3-BF4B-00C04F79EFBC}") = "FlickrToCloud.Common", "FlickrToCloud.Common\FlickrToCloud.Common.csproj", "{037B0B0E-60F8-4CAC-AAF7-17E924B92296}"
EndProject
Global
	GlobalSection(SolutionConfigurationPlatforms) = preSolution
		Debug|Any CPU = Debug|Any CPU
		Debug|ARM = Debug|ARM
		Debug|ARM64 = Debug|ARM64
		Debug|x64 = Debug|x64
		Debug|x86 = Debug|x86
		Release|Any CPU = Release|Any CPU
		Release|ARM = Release|ARM
		Release|ARM64 = Release|ARM64
		Release|x64 = Release|x64
		Release|x86 = Release|x86
	EndGlobalSection
	GlobalSection(ProjectConfigurationPlatforms) = postSolution
		{514D02B0-EB0B-4173-921F-F0EC70033E02}.Debug|Any CPU.ActiveCfg = Debug|x86
		{514D02B0-EB0B-4173-921F-F0EC70033E02}.Debug|Any CPU.Build.0 = Debug|x86
		{514D02B0-EB0B-4173-921F-F0EC70033E02}.Debug|Any CPU.Deploy.0 = Debug|x86
		{514D02B0-EB0B-4173-921F-F0EC70033E02}.Debug|ARM.ActiveCfg = Debug|ARM
		{514D02B0-EB0B-4173-921F-F0EC70033E02}.Debug|ARM.Build.0 = Debug|ARM
		{514D02B0-EB0B-4173-921F-F0EC70033E02}.Debug|ARM.Deploy.0 = Debug|ARM
		{514D02B0-EB0B-4173-921F-F0EC70033E02}.Debug|ARM64.ActiveCfg = Debug|ARM64
		{514D02B0-EB0B-4173-921F-F0EC70033E02}.Debug|ARM64.Build.0 = Debug|ARM64
		{514D02B0-EB0B-4173-921F-F0EC70033E02}.Debug|ARM64.Deploy.0 = Debug|ARM64
		{514D02B0-EB0B-4173-921F-F0EC70033E02}.Debug|x64.ActiveCfg = Debug|x64
		{514D02B0-EB0B-4173-921F-F0EC70033E02}.Debug|x64.Build.0 = Debug|x64
		{514D02B0-EB0B-4173-921F-F0EC70033E02}.Debug|x64.Deploy.0 = Debug|x64
		{514D02B0-EB0B-4173-921F-F0EC70033E02}.Debug|x86.ActiveCfg = Debug|x86
		{514D02B0-EB0B-4173-921F-F0EC70033E02}.Debug|x86.Build.0 = Debug|x86
		{514D02B0-EB0B-4173-921F-F0EC70033E02}.Debug|x86.Deploy.0 = Debug|x86
		{514D02B0-EB0B-4173-921F-F0EC70033E02}.Release|Any CPU.ActiveCfg = Release|x86
		{514D02B0-EB0B-4173-921F-F0EC70033E02}.Release|ARM.ActiveCfg = Release|ARM
		{514D02B0-EB0B-4173-921F-F0EC70033E02}.Release|ARM.Build.0 = Release|ARM
		{514D02B0-EB0B-4173-921F-F0EC70033E02}.Release|ARM.Deploy.0 = Release|ARM
		{514D02B0-EB0B-4173-921F-F0EC70033E02}.Release|ARM64.ActiveCfg = Release|ARM64
		{514D02B0-EB0B-4173-921F-F0EC70033E02}.Release|ARM64.Build.0 = Release|ARM64
		{514D02B0-EB0B-4173-921F-F0EC70033E02}.Release|ARM64.Deploy.0 = Release|ARM64
		{514D02B0-EB0B-4173-921F-F0EC70033E02}.Release|x64.ActiveCfg = Release|x64
		{514D02B0-EB0B-4173-921F-F0EC70033E02}.Release|x64.Build.0 = Release|x64
		{514D02B0-EB0B-4173-921F-F0EC70033E02}.Release|x64.Deploy.0 = Release|x64
		{514D02B0-EB0B-4173-921F-F0EC70033E02}.Release|x86.ActiveCfg = Release|x86
		{514D02B0-EB0B-4173-921F-F0EC70033E02}.Release|x86.Build.0 = Release|x86
		{514D02B0-EB0B-4173-921F-F0EC70033E02}.Release|x86.Deploy.0 = Release|x86
		{AD3E0C26-208F-4C97-8861-D40D9C9B638F}.Debug|Any CPU.ActiveCfg = Debug|Any CPU
		{AD3E0C26-208F-4C97-8861-D40D9C9B638F}.Debug|Any CPU.Build.0 = Debug|Any CPU
		{AD3E0C26-208F-4C97-8861-D40D9C9B638F}.Debug|ARM.ActiveCfg = Debug|Any CPU
		{AD3E0C26-208F-4C97-8861-D40D9C9B638F}.Debug|ARM.Build.0 = Debug|Any CPU
		{AD3E0C26-208F-4C97-8861-D40D9C9B638F}.Debug|ARM64.ActiveCfg = Debug|Any CPU
		{AD3E0C26-208F-4C97-8861-D40D9C9B638F}.Debug|ARM64.Build.0 = Debug|Any CPU
		{AD3E0C26-208F-4C97-8861-D40D9C9B638F}.Debug|x64.ActiveCfg = Debug|Any CPU
		{AD3E0C26-208F-4C97-8861-D40D9C9B638F}.Debug|x64.Build.0 = Debug|Any CPU
		{AD3E0C26-208F-4C97-8861-D40D9C9B638F}.Debug|x86.ActiveCfg = Debug|Any CPU
		{AD3E0C26-208F-4C97-8861-D40D9C9B638F}.Debug|x86.Build.0 = Debug|Any CPU
		{AD3E0C26-208F-4C97-8861-D40D9C9B638F}.Release|Any CPU.ActiveCfg = Release|Any CPU
		{AD3E0C26-208F-4C97-8861-D40D9C9B638F}.Release|Any CPU.Build.0 = Release|Any CPU
		{AD3E0C26-208F-4C97-8861-D40D9C9B638F}.Release|ARM.ActiveCfg = Release|Any CPU
		{AD3E0C26-208F-4C97-8861-D40D9C9B638F}.Release|ARM.Build.0 = Release|Any CPU
		{AD3E0C26-208F-4C97-8861-D40D9C9B638F}.Release|ARM64.ActiveCfg = Release|Any CPU
		{AD3E0C26-208F-4C97-8861-D40D9C9B638F}.Release|ARM64.Build.0 = Release|Any CPU
		{AD3E0C26-208F-4C97-8861-D40D9C9B638F}.Release|x64.ActiveCfg = Release|Any CPU
		{AD3E0C26-208F-4C97-8861-D40D9C9B638F}.Release|x64.Build.0 = Release|Any CPU
		{AD3E0C26-208F-4C97-8861-D40D9C9B638F}.Release|x86.ActiveCfg = Release|Any CPU
		{AD3E0C26-208F-4C97-8861-D40D9C9B638F}.Release|x86.Build.0 = Release|Any CPU
		{C9C25C6F-7619-4DC4-B990-78E7A8D232A7}.Debug|Any CPU.ActiveCfg = Debug|Any CPU
		{C9C25C6F-7619-4DC4-B990-78E7A8D232A7}.Debug|Any CPU.Build.0 = Debug|Any CPU
		{C9C25C6F-7619-4DC4-B990-78E7A8D232A7}.Debug|ARM.ActiveCfg = Debug|Any CPU
		{C9C25C6F-7619-4DC4-B990-78E7A8D232A7}.Debug|ARM.Build.0 = Debug|Any CPU
		{C9C25C6F-7619-4DC4-B990-78E7A8D232A7}.Debug|ARM64.ActiveCfg = Debug|Any CPU
		{C9C25C6F-7619-4DC4-B990-78E7A8D232A7}.Debug|ARM64.Build.0 = Debug|Any CPU
		{C9C25C6F-7619-4DC4-B990-78E7A8D232A7}.Debug|x64.ActiveCfg = Debug|Any CPU
		{C9C25C6F-7619-4DC4-B990-78E7A8D232A7}.Debug|x64.Build.0 = Debug|Any CPU
		{C9C25C6F-7619-4DC4-B990-78E7A8D232A7}.Debug|x86.ActiveCfg = Debug|Any CPU
		{C9C25C6F-7619-4DC4-B990-78E7A8D232A7}.Debug|x86.Build.0 = Debug|Any CPU
		{C9C25C6F-7619-4DC4-B990-78E7A8D232A7}.Release|Any CPU.ActiveCfg = Release|Any CPU
		{C9C25C6F-7619-4DC4-B990-78E7A8D232A7}.Release|Any CPU.Build.0 = Release|Any CPU
		{C9C25C6F-7619-4DC4-B990-78E7A8D232A7}.Release|ARM.ActiveCfg = Release|Any CPU
		{C9C25C6F-7619-4DC4-B990-78E7A8D232A7}.Release|ARM.Build.0 = Release|Any CPU
		{C9C25C6F-7619-4DC4-B990-78E7A8D232A7}.Release|ARM64.ActiveCfg = Release|Any CPU
		{C9C25C6F-7619-4DC4-B990-78E7A8D232A7}.Release|ARM64.Build.0 = Release|Any CPU
		{C9C25C6F-7619-4DC4-B990-78E7A8D232A7}.Release|x64.ActiveCfg = Release|Any CPU
		{C9C25C6F-7619-4DC4-B990-78E7A8D232A7}.Release|x64.Build.0 = Release|Any CPU
		{C9C25C6F-7619-4DC4-B990-78E7A8D232A7}.Release|x86.ActiveCfg = Release|Any CPU
		{C9C25C6F-7619-4DC4-B990-78E7A8D232A7}.Release|x86.Build.0 = Release|Any CPU
		{24442E51-4CF5-4553-AE99-934479403061}.Debug|Any CPU.ActiveCfg = Debug|Any CPU
		{24442E51-4CF5-4553-AE99-934479403061}.Debug|Any CPU.Build.0 = Debug|Any CPU
		{24442E51-4CF5-4553-AE99-934479403061}.Debug|ARM.ActiveCfg = Debug|Any CPU
		{24442E51-4CF5-4553-AE99-934479403061}.Debug|ARM.Build.0 = Debug|Any CPU
		{24442E51-4CF5-4553-AE99-934479403061}.Debug|ARM64.ActiveCfg = Debug|Any CPU
		{24442E51-4CF5-4553-AE99-934479403061}.Debug|ARM64.Build.0 = Debug|Any CPU
		{24442E51-4CF5-4553-AE99-934479403061}.Debug|x64.ActiveCfg = Debug|Any CPU
		{24442E51-4CF5-4553-AE99-934479403061}.Debug|x64.Build.0 = Debug|Any CPU
		{24442E51-4CF5-4553-AE99-934479403061}.Debug|x86.ActiveCfg = Debug|Any CPU
		{24442E51-4CF5-4553-AE99-934479403061}.Debug|x86.Build.0 = Debug|Any CPU
		{24442E51-4CF5-4553-AE99-934479403061}.Release|Any CPU.ActiveCfg = Release|Any CPU
		{24442E51-4CF5-4553-AE99-934479403061}.Release|Any CPU.Build.0 = Release|Any CPU
		{24442E51-4CF5-4553-AE99-934479403061}.Release|ARM.ActiveCfg = Release|Any CPU
		{24442E51-4CF5-4553-AE99-934479403061}.Release|ARM.Build.0 = Release|Any CPU
		{24442E51-4CF5-4553-AE99-934479403061}.Release|ARM64.ActiveCfg = Release|Any CPU
		{24442E51-4CF5-4553-AE99-934479403061}.Release|ARM64.Build.0 = Release|Any CPU
		{24442E51-4CF5-4553-AE99-934479403061}.Release|x64.ActiveCfg = Release|Any CPU
		{24442E51-4CF5-4553-AE99-934479403061}.Release|x64.Build.0 = Release|Any CPU
		{24442E51-4CF5-4553-AE99-934479403061}.Release|x86.ActiveCfg = Release|Any CPU
		{24442E51-4CF5-4553-AE99-934479403061}.Release|x86.Build.0 = Release|Any CPU
		{D5994D4B-F883-4B0C-B914-5C4122A8AAA3}.Debug|Any CPU.ActiveCfg = Debug|Any CPU
		{D5994D4B-F883-4B0C-B914-5C4122A8AAA3}.Debug|Any CPU.Build.0 = Debug|Any CPU
		{D5994D4B-F883-4B0C-B914-5C4122A8AAA3}.Debug|ARM.ActiveCfg = Debug|Any CPU
		{D5994D4B-F883-4B0C-B914-5C4122A8AAA3}.Debug|ARM.Build.0 = Debug|Any CPU
		{D5994D4B-F883-4B0C-B914-5C4122A8AAA3}.Debug|ARM64.ActiveCfg = Debug|Any CPU
		{D5994D4B-F883-4B0C-B914-5C4122A8AAA3}.Debug|ARM64.Build.0 = Debug|Any CPU
		{D5994D4B-F883-4B0C-B914-5C4122A8AAA3}.Debug|x64.ActiveCfg = Debug|Any CPU
		{D5994D4B-F883-4B0C-B914-5C4122A8AAA3}.Debug|x64.Build.0 = Debug|Any CPU
		{D5994D4B-F883-4B0C-B914-5C4122A8AAA3}.Debug|x86.ActiveCfg = Debug|Any CPU
		{D5994D4B-F883-4B0C-B914-5C4122A8AAA3}.Debug|x86.Build.0 = Debug|Any CPU
		{D5994D4B-F883-4B0C-B914-5C4122A8AAA3}.Release|Any CPU.ActiveCfg = Release|Any CPU
		{D5994D4B-F883-4B0C-B914-5C4122A8AAA3}.Release|Any CPU.Build.0 = Release|Any CPU
		{D5994D4B-F883-4B0C-B914-5C4122A8AAA3}.Release|ARM.ActiveCfg = Release|Any CPU
		{D5994D4B-F883-4B0C-B914-5C4122A8AAA3}.Release|ARM.Build.0 = Release|Any CPU
		{D5994D4B-F883-4B0C-B914-5C4122A8AAA3}.Release|ARM64.ActiveCfg = Release|Any CPU
		{D5994D4B-F883-4B0C-B914-5C4122A8AAA3}.Release|ARM64.Build.0 = Release|Any CPU
		{D5994D4B-F883-4B0C-B914-5C4122A8AAA3}.Release|x64.ActiveCfg = Release|Any CPU
		{D5994D4B-F883-4B0C-B914-5C4122A8AAA3}.Release|x64.Build.0 = Release|Any CPU
		{D5994D4B-F883-4B0C-B914-5C4122A8AAA3}.Release|x86.ActiveCfg = Release|Any CPU
		{D5994D4B-F883-4B0C-B914-5C4122A8AAA3}.Release|x86.Build.0 = Release|Any CPU
		{A4D292F1-4ACB-4A8A-AD18-CEB42BA44480}.Debug|Any CPU.ActiveCfg = Debug|Any CPU
		{A4D292F1-4ACB-4A8A-AD18-CEB42BA44480}.Debug|Any CPU.Build.0 = Debug|Any CPU
		{A4D292F1-4ACB-4A8A-AD18-CEB42BA44480}.Debug|ARM.ActiveCfg = Debug|Any CPU
		{A4D292F1-4ACB-4A8A-AD18-CEB42BA44480}.Debug|ARM.Build.0 = Debug|Any CPU
		{A4D292F1-4ACB-4A8A-AD18-CEB42BA44480}.Debug|ARM64.ActiveCfg = Debug|Any CPU
		{A4D292F1-4ACB-4A8A-AD18-CEB42BA44480}.Debug|ARM64.Build.0 = Debug|Any CPU
		{A4D292F1-4ACB-4A8A-AD18-CEB42BA44480}.Debug|x64.ActiveCfg = Debug|Any CPU
		{A4D292F1-4ACB-4A8A-AD18-CEB42BA44480}.Debug|x64.Build.0 = Debug|Any CPU
		{A4D292F1-4ACB-4A8A-AD18-CEB42BA44480}.Debug|x86.ActiveCfg = Debug|Any CPU
		{A4D292F1-4ACB-4A8A-AD18-CEB42BA44480}.Debug|x86.Build.0 = Debug|Any CPU
		{A4D292F1-4ACB-4A8A-AD18-CEB42BA44480}.Release|Any CPU.ActiveCfg = Release|Any CPU
		{A4D292F1-4ACB-4A8A-AD18-CEB42BA44480}.Release|Any CPU.Build.0 = Release|Any CPU
		{A4D292F1-4ACB-4A8A-AD18-CEB42BA44480}.Release|ARM.ActiveCfg = Release|Any CPU
		{A4D292F1-4ACB-4A8A-AD18-CEB42BA44480}.Release|ARM.Build.0 = Release|Any CPU
		{A4D292F1-4ACB-4A8A-AD18-CEB42BA44480}.Release|ARM64.ActiveCfg = Release|Any CPU
		{A4D292F1-4ACB-4A8A-AD18-CEB42BA44480}.Release|ARM64.Build.0 = Release|Any CPU
		{A4D292F1-4ACB-4A8A-AD18-CEB42BA44480}.Release|x64.ActiveCfg = Release|Any CPU
		{A4D292F1-4ACB-4A8A-AD18-CEB42BA44480}.Release|x64.Build.0 = Release|Any CPU
		{A4D292F1-4ACB-4A8A-AD18-CEB42BA44480}.Release|x86.ActiveCfg = Release|Any CPU
		{A4D292F1-4ACB-4A8A-AD18-CEB42BA44480}.Release|x86.Build.0 = Release|Any CPU
		{037B0B0E-60F8-4CAC-AAF7-17E924B92296}.Debug|Any CPU.ActiveCfg = Debug|Any CPU
		{037B0B0E-60F8-4CAC-AAF7-17E924B92296}.Debug|Any CPU.Build.0 = Debug|Any CPU
		{037B0B0E-60F8-4CAC-AAF7-17E924B92296}.Debug|ARM.ActiveCfg = Debug|Any CPU
		{037B0B0E-60F8-4CAC-AAF7-17E924B92296}.Debug|ARM.Build.0 = Debug|Any CPU
		{037B0B0E-60F8-4CAC-AAF7-17E924B92296}.Debug|ARM64.ActiveCfg = Debug|Any CPU
		{037B0B0E-60F8-4CAC-AAF7-17E924B92296}.Debug|ARM64.Build.0 = Debug|Any CPU
		{037B0B0E-60F8-4CAC-AAF7-17E924B92296}.Debug|x64.ActiveCfg = Debug|Any CPU
		{037B0B0E-60F8-4CAC-AAF7-17E924B92296}.Debug|x64.Build.0 = Debug|Any CPU
		{037B0B0E-60F8-4CAC-AAF7-17E924B92296}.Debug|x86.ActiveCfg = Debug|Any CPU
		{037B0B0E-60F8-4CAC-AAF7-17E924B92296}.Debug|x86.Build.0 = Debug|Any CPU
		{037B0B0E-60F8-4CAC-AAF7-17E924B92296}.Release|Any CPU.ActiveCfg = Release|Any CPU
		{037B0B0E-60F8-4CAC-AAF7-17E924B92296}.Release|Any CPU.Build.0 = Release|Any CPU
		{037B0B0E-60F8-4CAC-AAF7-17E924B92296}.Release|ARM.ActiveCfg = Release|Any CPU
		{037B0B0E-60F8-4CAC-AAF7-17E924B92296}.Release|ARM.Build.0 = Release|Any CPU
		{037B0B0E-60F8-4CAC-AAF7-17E924B92296}.Release|ARM64.ActiveCfg = Release|Any CPU
		{037B0B0E-60F8-4CAC-AAF7-17E924B92296}.Release|ARM64.Build.0 = Release|Any CPU
		{037B0B0E-60F8-4CAC-AAF7-17E924B92296}.Release|x64.ActiveCfg = Release|Any CPU
		{037B0B0E-60F8-4CAC-AAF7-17E924B92296}.Release|x64.Build.0 = Release|Any CPU
		{037B0B0E-60F8-4CAC-AAF7-17E924B92296}.Release|x86.ActiveCfg = Release|Any CPU
		{037B0B0E-60F8-4CAC-AAF7-17E924B92296}.Release|x86.Build.0 = Release|Any CPU
	EndGlobalSection
	GlobalSection(SolutionProperties) = preSolution
		HideSolutionNode = FALSE
	EndGlobalSection
	GlobalSection(ExtensibilityGlobals) = postSolution
		SolutionGuid = {52620100-48A0-417B-892D-E5DB5DAA5FF4}
	EndGlobalSection
EndGlobal
